{
  "name": "jspredict",
  "version": "1.2.0",
  "lockfileVersion": 3,
  "requires": true,
  "packages": {
    "": {
      "name": "jspredict",
      "version": "1.2.0",
      "license": "MIT",
      "dependencies": {
        "moment": "^2.24.0",
        "satellite.js": "itsonlyluis/satellite-js#develop"
      }
    },
    "node_modules/moment": {
      "version": "2.30.1",
      "resolved": "https://registry.npmjs.org/moment/-/moment-2.30.1.tgz",
      "integrity": "sha512-uEmtNhbDOrWPFS+hdjFCBfy9f2YoyzRpwcl+DqpC6taX21FzsTLQVbMV/W7PzNSX6x/bhC1zA3c2UQ5NzH6how==",
      "engines": {
        "node": "*"
      }
    },
    "node_modules/satellite.js": {
      "version": "5.0.0",
      "resolved": "git+ssh://git@github.com/itsonlyluis/satellite-js.git#8da554e0c9dadfd610e95f56159d3b5bd4836033",
      "license": "MIT"
    }
  }
}
